// !$*UTF8*$!
{
	archiveVersion = 1;
	classes = {
	};
	objectVersion = 48;
	objects = {

/* Begin PBXBuildFile section */
		F03DDF4C1FE74C7C000EF244 /* WUADStructs.swift in Sources */ = {isa = PBXBuildFile; fileRef = F03DDF4B1FE74C7C000EF244 /* WUADStructs.swift */; };
		F03DDF4E1FE8978E000EF244 /* DataManager.swift in Sources */ = {isa = PBXBuildFile; fileRef = F03DDF4D1FE8978E000EF244 /* DataManager.swift */; };
		F04628551F9E65CF00B96A1F /* HomeViewController.swift in Sources */ = {isa = PBXBuildFile; fileRef = F04628541F9E65CF00B96A1F /* HomeViewController.swift */; };
		F077F4F21FD5A6C100D5A980 /* DatePopupViewController.swift in Sources */ = {isa = PBXBuildFile; fileRef = F077F4F11FD5A6C100D5A980 /* DatePopupViewController.swift */; };
		F083F3F32044E24500CC2A79 /* IQNSArray+Sort.swift in Sources */ = {isa = PBXBuildFile; fileRef = F083F3DD2044E24500CC2A79 /* IQNSArray+Sort.swift */; };
		F083F3F42044E24500CC2A79 /* IQUIScrollView+Additions.swift in Sources */ = {isa = PBXBuildFile; fileRef = F083F3DE2044E24500CC2A79 /* IQUIScrollView+Additions.swift */; };
		F083F3F52044E24500CC2A79 /* IQUITextFieldView+Additions.swift in Sources */ = {isa = PBXBuildFile; fileRef = F083F3DF2044E24500CC2A79 /* IQUITextFieldView+Additions.swift */; };
		F083F3F62044E24500CC2A79 /* IQUIView+Hierarchy.swift in Sources */ = {isa = PBXBuildFile; fileRef = F083F3E02044E24500CC2A79 /* IQUIView+Hierarchy.swift */; };
		F083F3F72044E24500CC2A79 /* IQUIViewController+Additions.swift in Sources */ = {isa = PBXBuildFile; fileRef = F083F3E12044E24500CC2A79 /* IQUIViewController+Additions.swift */; };
		F083F3F82044E24500CC2A79 /* IQUIWindow+Hierarchy.swift in Sources */ = {isa = PBXBuildFile; fileRef = F083F3E22044E24500CC2A79 /* IQUIWindow+Hierarchy.swift */; };
		F083F3F92044E24500CC2A79 /* IQKeyboardManagerConstants.swift in Sources */ = {isa = PBXBuildFile; fileRef = F083F3E42044E24500CC2A79 /* IQKeyboardManagerConstants.swift */; };
		F083F3FA2044E24500CC2A79 /* IQKeyboardManagerConstantsInternal.swift in Sources */ = {isa = PBXBuildFile; fileRef = F083F3E52044E24500CC2A79 /* IQKeyboardManagerConstantsInternal.swift */; };
		F083F3FB2044E24500CC2A79 /* IQKeyboardManager.swift in Sources */ = {isa = PBXBuildFile; fileRef = F083F3E62044E24500CC2A79 /* IQKeyboardManager.swift */; };
		F083F3FC2044E24500CC2A79 /* IQKeyboardReturnKeyHandler.swift in Sources */ = {isa = PBXBuildFile; fileRef = F083F3E82044E24500CC2A79 /* IQKeyboardReturnKeyHandler.swift */; };
		F083F3FD2044E24500CC2A79 /* IQTextView.swift in Sources */ = {isa = PBXBuildFile; fileRef = F083F3EA2044E24500CC2A79 /* IQTextView.swift */; };
		F083F3FE2044E24500CC2A79 /* IQBarButtonItem.swift in Sources */ = {isa = PBXBuildFile; fileRef = F083F3EC2044E24500CC2A79 /* IQBarButtonItem.swift */; };
		F083F3FF2044E24500CC2A79 /* IQPreviousNextView.swift in Sources */ = {isa = PBXBuildFile; fileRef = F083F3ED2044E24500CC2A79 /* IQPreviousNextView.swift */; };
		F083F4002044E24500CC2A79 /* IQTitleBarButtonItem.swift in Sources */ = {isa = PBXBuildFile; fileRef = F083F3EE2044E24500CC2A79 /* IQTitleBarButtonItem.swift */; };
		F083F4012044E24500CC2A79 /* IQToolbar.swift in Sources */ = {isa = PBXBuildFile; fileRef = F083F3EF2044E24500CC2A79 /* IQToolbar.swift */; };
		F083F4022044E24500CC2A79 /* IQUIView+IQKeyboardToolbar.swift in Sources */ = {isa = PBXBuildFile; fileRef = F083F3F02044E24500CC2A79 /* IQUIView+IQKeyboardToolbar.swift */; };
		F083F4032044E24500CC2A79 /* IQKeyboardManager.bundle in Resources */ = {isa = PBXBuildFile; fileRef = F083F3F22044E24500CC2A79 /* IQKeyboardManager.bundle */; };
		F083F40F2044E41600CC2A79 /* UIButtonX.swift in Sources */ = {isa = PBXBuildFile; fileRef = F083F4052044E41600CC2A79 /* UIButtonX.swift */; };
		F083F4102044E41600CC2A79 /* UIImageViewX.swift in Sources */ = {isa = PBXBuildFile; fileRef = F083F4062044E41600CC2A79 /* UIImageViewX.swift */; };
		F083F4112044E41600CC2A79 /* UILabelX.swift in Sources */ = {isa = PBXBuildFile; fileRef = F083F4072044E41600CC2A79 /* UILabelX.swift */; };
		F083F4122044E41600CC2A79 /* UISliderX.swift in Sources */ = {isa = PBXBuildFile; fileRef = F083F4082044E41600CC2A79 /* UISliderX.swift */; };
		F083F4132044E41600CC2A79 /* UITextFieldX.swift in Sources */ = {isa = PBXBuildFile; fileRef = F083F4092044E41600CC2A79 /* UITextFieldX.swift */; };
		F083F4142044E41600CC2A79 /* UIViewAnchorPoint.swift in Sources */ = {isa = PBXBuildFile; fileRef = F083F40A2044E41600CC2A79 /* UIViewAnchorPoint.swift */; };
		F083F4152044E41600CC2A79 /* UIViewControllerX.swift in Sources */ = {isa = PBXBuildFile; fileRef = F083F40B2044E41600CC2A79 /* UIViewControllerX.swift */; };
		F083F4162044E41600CC2A79 /* UIViewX.swift in Sources */ = {isa = PBXBuildFile; fileRef = F083F40C2044E41600CC2A79 /* UIViewX.swift */; };
		F083F4172044E41600CC2A79 /* UIViewXRadialGradient.swift in Sources */ = {isa = PBXBuildFile; fileRef = F083F40D2044E41600CC2A79 /* UIViewXRadialGradient.swift */; };
		F083F4182044E41600CC2A79 /* UIVisualEffectViewX.swift in Sources */ = {isa = PBXBuildFile; fileRef = F083F40E2044E41600CC2A79 /* UIVisualEffectViewX.swift */; };
		F083F43C204A08BE00CC2A79 /* NewTextFieldX.swift in Sources */ = {isa = PBXBuildFile; fileRef = F083F43B204A08BE00CC2A79 /* NewTextFieldX.swift */; };
		F08B5BE21F81EEF7005A8563 /* AppDelegate.swift in Sources */ = {isa = PBXBuildFile; fileRef = F08B5BE11F81EEF7005A8563 /* AppDelegate.swift */; };
		F098568E1F7EF1560083AB38 /* FuneralInfoViewController.swift in Sources */ = {isa = PBXBuildFile; fileRef = F098568B1F7EF1550083AB38 /* FuneralInfoViewController.swift */; };
		F098568F1F7EF1560083AB38 /* FuneralLandViewController.swift in Sources */ = {isa = PBXBuildFile; fileRef = F098568C1F7EF1550083AB38 /* FuneralLandViewController.swift */; };
		F09856901F7EF1560083AB38 /* FuneralEditViewController.swift in Sources */ = {isa = PBXBuildFile; fileRef = F098568D1F7EF1550083AB38 /* FuneralEditViewController.swift */; };
		F0AB3A9A1F7DEC2400C203D0 /* Main.storyboard in Resources */ = {isa = PBXBuildFile; fileRef = F0AB3A981F7DEC2400C203D0 /* Main.storyboard */; };
		F0AB3A9F1F7DEC2400C203D0 /* LaunchScreen.storyboard in Resources */ = {isa = PBXBuildFile; fileRef = F0AB3A9D1F7DEC2400C203D0 /* LaunchScreen.storyboard */; };
		F0AB3AA71F7DF73D00C203D0 /* Images.xcassets in Resources */ = {isa = PBXBuildFile; fileRef = F0AB3AA61F7DF70300C203D0 /* Images.xcassets */; };
		F0AB3AC91F7DF9E100C203D0 /* EventInfoEditViewController.swift in Sources */ = {isa = PBXBuildFile; fileRef = F0AB3AA81F7DF9DE00C203D0 /* EventInfoEditViewController.swift */; };
		F0AB3ACA1F7DF9E100C203D0 /* BirdEggInvVC.swift in Sources */ = {isa = PBXBuildFile; fileRef = F0AB3AA91F7DF9DE00C203D0 /* BirdEggInvVC.swift */; };
		F0AB3ACB1F7DF9E100C203D0 /* NewBirdViewController.swift in Sources */ = {isa = PBXBuildFile; fileRef = F0AB3AAA1F7DF9DE00C203D0 /* NewBirdViewController.swift */; };
		F0AB3ACC1F7DF9E100C203D0 /* DoveEggsViewController.swift in Sources */ = {isa = PBXBuildFile; fileRef = F0AB3AAB1F7DF9DE00C203D0 /* DoveEggsViewController.swift */; };
		F0AB3ACD1F7DF9E100C203D0 /* FrontBirdEgg.swift in Sources */ = {isa = PBXBuildFile; fileRef = F0AB3AAC1F7DF9DE00C203D0 /* FrontBirdEgg.swift */; };
		F0AB3ACE1F7DF9E100C203D0 /* WeddingVenueInfoViewController.swift in Sources */ = {isa = PBXBuildFile; fileRef = F0AB3AAD1F7DF9DE00C203D0 /* WeddingVenueInfoViewController.swift */; };
		F0AB3ACF1F7DF9E100C203D0 /* SunShineTime.swift in Sources */ = {isa = PBXBuildFile; fileRef = F0AB3AAE1F7DF9DE00C203D0 /* SunShineTime.swift */; };
		F0AB3AD01F7DF9E100C203D0 /* birdwitheggs.swift in Sources */ = {isa = PBXBuildFile; fileRef = F0AB3AAF1F7DF9DE00C203D0 /* birdwitheggs.swift */; };
		F0AB3AD21F7DF9E100C203D0 /* KIndexViewController.swift in Sources */ = {isa = PBXBuildFile; fileRef = F0AB3AB11F7DF9DF00C203D0 /* KIndexViewController.swift */; };
		F0AB3AD31F7DF9E100C203D0 /* WeddingEditViewController.swift in Sources */ = {isa = PBXBuildFile; fileRef = F0AB3AB21F7DF9DF00C203D0 /* WeddingEditViewController.swift */; };
		F0AB3AD41F7DF9E100C203D0 /* Titleimage.png in Resources */ = {isa = PBXBuildFile; fileRef = F0AB3AB31F7DF9DF00C203D0 /* Titleimage.png */; };
		F0AB3AD51F7DF9E100C203D0 /* venueMapViewController.swift in Sources */ = {isa = PBXBuildFile; fileRef = F0AB3AB41F7DF9DF00C203D0 /* venueMapViewController.swift */; };
		F0AB3AD61F7DF9E100C203D0 /* DoveInventoryTable.swift in Sources */ = {isa = PBXBuildFile; fileRef = F0AB3AB51F7DF9DF00C203D0 /* DoveInventoryTable.swift */; };
		F0AB3AD71F7DF9E100C203D0 /* trainschedcell.swift in Sources */ = {isa = PBXBuildFile; fileRef = F0AB3AB61F7DF9DF00C203D0 /* trainschedcell.swift */; };
		F0AB3AD81F7DF9E100C203D0 /* DoveViewController.swift in Sources */ = {isa = PBXBuildFile; fileRef = F0AB3AB71F7DF9DF00C203D0 /* DoveViewController.swift */; };
		F0AB3AD91F7DF9E100C203D0 /* EditEggViewController.swift in Sources */ = {isa = PBXBuildFile; fileRef = F0AB3AB81F7DF9DF00C203D0 /* EditEggViewController.swift */; };
		F0AB3ADA1F7DF9E100C203D0 /* WeddingLandViewController.swift in Sources */ = {isa = PBXBuildFile; fileRef = F0AB3AB91F7DF9DF00C203D0 /* WeddingLandViewController.swift */; };
		F0AB3ADB1F7DF9E100C203D0 /* EditBirdViewController.swift in Sources */ = {isa = PBXBuildFile; fileRef = F0AB3ABA1F7DF9DF00C203D0 /* EditBirdViewController.swift */; };
		F0AB3ADC1F7DF9E100C203D0 /* WeddingInfoViewController.swift in Sources */ = {isa = PBXBuildFile; fileRef = F0AB3ABB1F7DF9E000C203D0 /* WeddingInfoViewController.swift */; };
		F0AB3ADD1F7DF9E100C203D0 /* WUADBirdsWithEggs.swift in Sources */ = {isa = PBXBuildFile; fileRef = F0AB3ABC1F7DF9E000C203D0 /* WUADBirdsWithEggs.swift */; };
		F0AB3ADE1F7DF9E100C203D0 /* birdies.swift in Sources */ = {isa = PBXBuildFile; fileRef = F0AB3ABD1F7DF9E000C203D0 /* birdies.swift */; };
		F0AB3ADF1F7DF9E100C203D0 /* TrainReleaseSchedule.swift in Sources */ = {isa = PBXBuildFile; fileRef = F0AB3ABE1F7DF9E000C203D0 /* TrainReleaseSchedule.swift */; };
		F0AB3AE01F7DF9E100C203D0 /* WeddingEditVenueViewController.swift in Sources */ = {isa = PBXBuildFile; fileRef = F0AB3ABF1F7DF9E000C203D0 /* WeddingEditVenueViewController.swift */; };
		F0AB3AE11F7DF9E100C203D0 /* WUADCustomCellAll.swift in Sources */ = {isa = PBXBuildFile; fileRef = F0AB3AC01F7DF9E000C203D0 /* WUADCustomCellAll.swift */; };
		F0AB3AE21F7DF9E100C203D0 /* BirdCommentViewController.swift in Sources */ = {isa = PBXBuildFile; fileRef = F0AB3AC11F7DF9E000C203D0 /* BirdCommentViewController.swift */; };
		F0AB3AE31F7DF9E100C203D0 /* EventLandViewController.swift in Sources */ = {isa = PBXBuildFile; fileRef = F0AB3AC21F7DF9E000C203D0 /* EventLandViewController.swift */; };
		F0AB3AE41F7DF9E100C203D0 /* EventInfoViewController.swift in Sources */ = {isa = PBXBuildFile; fileRef = F0AB3AC31F7DF9E100C203D0 /* EventInfoViewController.swift */; };
		F0AB3AE61F7DF9E100C203D0 /* Reachability.swift in Sources */ = {isa = PBXBuildFile; fileRef = F0AB3AC51F7DF9E100C203D0 /* Reachability.swift */; };
		F0AB3AE71F7DF9E100C203D0 /* solar.swift in Sources */ = {isa = PBXBuildFile; fileRef = F0AB3AC61F7DF9E100C203D0 /* solar.swift */; };
		F0AB3AE81F7DF9E100C203D0 /* TrainingReleaseVC.swift in Sources */ = {isa = PBXBuildFile; fileRef = F0AB3AC71F7DF9E100C203D0 /* TrainingReleaseVC.swift */; };
		F0AB3AE91F7DF9E100C203D0 /* InventoryCell.swift in Sources */ = {isa = PBXBuildFile; fileRef = F0AB3AC81F7DF9E100C203D0 /* InventoryCell.swift */; };
		F0C066B71FA152420096410D /* firstvc.swift in Sources */ = {isa = PBXBuildFile; fileRef = F0C066B61FA152410096410D /* firstvc.swift */; };
		F0C985091FFDC79400167171 /* DatePopUpViewController.storyboard in Resources */ = {isa = PBXBuildFile; fileRef = F0C985071FFDC79400167171 /* DatePopUpViewController.storyboard */; };
		F0C9850B20054B8900167171 /* CalEventMaker.swift in Sources */ = {isa = PBXBuildFile; fileRef = F0C9850A20054B8900167171 /* CalEventMaker.swift */; };
/* End PBXBuildFile section */

/* Begin PBXFileReference section */
		F03DDF4B1FE74C7C000EF244 /* WUADStructs.swift */ = {isa = PBXFileReference; lastKnownFileType = sourcecode.swift; path = WUADStructs.swift; sourceTree = "<group>"; };
		F03DDF4D1FE8978E000EF244 /* DataManager.swift */ = {isa = PBXFileReference; lastKnownFileType = sourcecode.swift; path = DataManager.swift; sourceTree = "<group>"; };
		F04628541F9E65CF00B96A1F /* HomeViewController.swift */ = {isa = PBXFileReference; lastKnownFileType = sourcecode.swift; path = HomeViewController.swift; sourceTree = "<group>"; };
		F077F4F11FD5A6C100D5A980 /* DatePopupViewController.swift */ = {isa = PBXFileReference; lastKnownFileType = sourcecode.swift; path = DatePopupViewController.swift; sourceTree = "<group>"; };
		F083F3DD2044E24500CC2A79 /* IQNSArray+Sort.swift */ = {isa = PBXFileReference; fileEncoding = 4; lastKnownFileType = sourcecode.swift; path = "IQNSArray+Sort.swift"; sourceTree = "<group>"; };
		F083F3DE2044E24500CC2A79 /* IQUIScrollView+Additions.swift */ = {isa = PBXFileReference; fileEncoding = 4; lastKnownFileType = sourcecode.swift; path = "IQUIScrollView+Additions.swift"; sourceTree = "<group>"; };
		F083F3DF2044E24500CC2A79 /* IQUITextFieldView+Additions.swift */ = {isa = PBXFileReference; fileEncoding = 4; lastKnownFileType = sourcecode.swift; path = "IQUITextFieldView+Additions.swift"; sourceTree = "<group>"; };
		F083F3E02044E24500CC2A79 /* IQUIView+Hierarchy.swift */ = {isa = PBXFileReference; fileEncoding = 4; lastKnownFileType = sourcecode.swift; path = "IQUIView+Hierarchy.swift"; sourceTree = "<group>"; };
		F083F3E12044E24500CC2A79 /* IQUIViewController+Additions.swift */ = {isa = PBXFileReference; fileEncoding = 4; lastKnownFileType = sourcecode.swift; path = "IQUIViewController+Additions.swift"; sourceTree = "<group>"; };
		F083F3E22044E24500CC2A79 /* IQUIWindow+Hierarchy.swift */ = {isa = PBXFileReference; fileEncoding = 4; lastKnownFileType = sourcecode.swift; path = "IQUIWindow+Hierarchy.swift"; sourceTree = "<group>"; };
		F083F3E42044E24500CC2A79 /* IQKeyboardManagerConstants.swift */ = {isa = PBXFileReference; fileEncoding = 4; lastKnownFileType = sourcecode.swift; path = IQKeyboardManagerConstants.swift; sourceTree = "<group>"; };
		F083F3E52044E24500CC2A79 /* IQKeyboardManagerConstantsInternal.swift */ = {isa = PBXFileReference; fileEncoding = 4; lastKnownFileType = sourcecode.swift; path = IQKeyboardManagerConstantsInternal.swift; sourceTree = "<group>"; };
		F083F3E62044E24500CC2A79 /* IQKeyboardManager.swift */ = {isa = PBXFileReference; fileEncoding = 4; lastKnownFileType = sourcecode.swift; path = IQKeyboardManager.swift; sourceTree = "<group>"; };
		F083F3E72044E24500CC2A79 /* IQKeyboardManagerSwift.h */ = {isa = PBXFileReference; fileEncoding = 4; lastKnownFileType = sourcecode.c.h; path = IQKeyboardManagerSwift.h; sourceTree = "<group>"; };
		F083F3E82044E24500CC2A79 /* IQKeyboardReturnKeyHandler.swift */ = {isa = PBXFileReference; fileEncoding = 4; lastKnownFileType = sourcecode.swift; path = IQKeyboardReturnKeyHandler.swift; sourceTree = "<group>"; };
		F083F3EA2044E24500CC2A79 /* IQTextView.swift */ = {isa = PBXFileReference; fileEncoding = 4; lastKnownFileType = sourcecode.swift; path = IQTextView.swift; sourceTree = "<group>"; };
		F083F3EC2044E24500CC2A79 /* IQBarButtonItem.swift */ = {isa = PBXFileReference; fileEncoding = 4; lastKnownFileType = sourcecode.swift; path = IQBarButtonItem.swift; sourceTree = "<group>"; };
		F083F3ED2044E24500CC2A79 /* IQPreviousNextView.swift */ = {isa = PBXFileReference; fileEncoding = 4; lastKnownFileType = sourcecode.swift; path = IQPreviousNextView.swift; sourceTree = "<group>"; };
		F083F3EE2044E24500CC2A79 /* IQTitleBarButtonItem.swift */ = {isa = PBXFileReference; fileEncoding = 4; lastKnownFileType = sourcecode.swift; path = IQTitleBarButtonItem.swift; sourceTree = "<group>"; };
		F083F3EF2044E24500CC2A79 /* IQToolbar.swift */ = {isa = PBXFileReference; fileEncoding = 4; lastKnownFileType = sourcecode.swift; path = IQToolbar.swift; sourceTree = "<group>"; };
		F083F3F02044E24500CC2A79 /* IQUIView+IQKeyboardToolbar.swift */ = {isa = PBXFileReference; fileEncoding = 4; lastKnownFileType = sourcecode.swift; path = "IQUIView+IQKeyboardToolbar.swift"; sourceTree = "<group>"; };
		F083F3F22044E24500CC2A79 /* IQKeyboardManager.bundle */ = {isa = PBXFileReference; lastKnownFileType = "wrapper.plug-in"; path = IQKeyboardManager.bundle; sourceTree = "<group>"; };
		F083F4052044E41600CC2A79 /* UIButtonX.swift */ = {isa = PBXFileReference; fileEncoding = 4; lastKnownFileType = sourcecode.swift; path = UIButtonX.swift; sourceTree = "<group>"; };
		F083F4062044E41600CC2A79 /* UIImageViewX.swift */ = {isa = PBXFileReference; fileEncoding = 4; lastKnownFileType = sourcecode.swift; path = UIImageViewX.swift; sourceTree = "<group>"; };
		F083F4072044E41600CC2A79 /* UILabelX.swift */ = {isa = PBXFileReference; fileEncoding = 4; lastKnownFileType = sourcecode.swift; path = UILabelX.swift; sourceTree = "<group>"; };
		F083F4082044E41600CC2A79 /* UISliderX.swift */ = {isa = PBXFileReference; fileEncoding = 4; lastKnownFileType = sourcecode.swift; path = UISliderX.swift; sourceTree = "<group>"; };
		F083F4092044E41600CC2A79 /* UITextFieldX.swift */ = {isa = PBXFileReference; fileEncoding = 4; lastKnownFileType = sourcecode.swift; path = UITextFieldX.swift; sourceTree = "<group>"; };
		F083F40A2044E41600CC2A79 /* UIViewAnchorPoint.swift */ = {isa = PBXFileReference; fileEncoding = 4; lastKnownFileType = sourcecode.swift; path = UIViewAnchorPoint.swift; sourceTree = "<group>"; };
		F083F40B2044E41600CC2A79 /* UIViewControllerX.swift */ = {isa = PBXFileReference; fileEncoding = 4; lastKnownFileType = sourcecode.swift; path = UIViewControllerX.swift; sourceTree = "<group>"; };
		F083F40C2044E41600CC2A79 /* UIViewX.swift */ = {isa = PBXFileReference; fileEncoding = 4; lastKnownFileType = sourcecode.swift; path = UIViewX.swift; sourceTree = "<group>"; };
		F083F40D2044E41600CC2A79 /* UIViewXRadialGradient.swift */ = {isa = PBXFileReference; fileEncoding = 4; lastKnownFileType = sourcecode.swift; path = UIViewXRadialGradient.swift; sourceTree = "<group>"; };
		F083F40E2044E41600CC2A79 /* UIVisualEffectViewX.swift */ = {isa = PBXFileReference; fileEncoding = 4; lastKnownFileType = sourcecode.swift; path = UIVisualEffectViewX.swift; sourceTree = "<group>"; };
		F083F43B204A08BE00CC2A79 /* NewTextFieldX.swift */ = {isa = PBXFileReference; lastKnownFileType = sourcecode.swift; path = NewTextFieldX.swift; sourceTree = "<group>"; };
		F08B5BE11F81EEF7005A8563 /* AppDelegate.swift */ = {isa = PBXFileReference; fileEncoding = 4; lastKnownFileType = sourcecode.swift; path = AppDelegate.swift; sourceTree = "<group>"; };
		F098568B1F7EF1550083AB38 /* FuneralInfoViewController.swift */ = {isa = PBXFileReference; lastKnownFileType = sourcecode.swift; path = FuneralInfoViewController.swift; sourceTree = "<group>"; };
		F098568C1F7EF1550083AB38 /* FuneralLandViewController.swift */ = {isa = PBXFileReference; lastKnownFileType = sourcecode.swift; path = FuneralLandViewController.swift; sourceTree = "<group>"; };
		F098568D1F7EF1550083AB38 /* FuneralEditViewController.swift */ = {isa = PBXFileReference; lastKnownFileType = sourcecode.swift; path = FuneralEditViewController.swift; sourceTree = "<group>"; };
		F0AB3A911F7DEC2400C203D0 /* DoveEventLog.app */ = {isa = PBXFileReference; explicitFileType = wrapper.application; includeInIndex = 0; path = DoveEventLog.app; sourceTree = BUILT_PRODUCTS_DIR; };
		F0AB3A991F7DEC2400C203D0 /* Base */ = {isa = PBXFileReference; lastKnownFileType = file.storyboard; name = Base; path = Base.lproj/Main.storyboard; sourceTree = "<group>"; };
		F0AB3A9E1F7DEC2400C203D0 /* Base */ = {isa = PBXFileReference; lastKnownFileType = file.storyboard; name = Base; path = Base.lproj/LaunchScreen.storyboard; sourceTree = "<group>"; };
		F0AB3AA01F7DEC2400C203D0 /* Info.plist */ = {isa = PBXFileReference; lastKnownFileType = text.plist.xml; path = Info.plist; sourceTree = "<group>"; };
		F0AB3AA61F7DF70300C203D0 /* Images.xcassets */ = {isa = PBXFileReference; lastKnownFileType = folder.assetcatalog; path = Images.xcassets; sourceTree = "<group>"; };
		F0AB3AA81F7DF9DE00C203D0 /* EventInfoEditViewController.swift */ = {isa = PBXFileReference; fileEncoding = 4; lastKnownFileType = sourcecode.swift; path = EventInfoEditViewController.swift; sourceTree = "<group>"; };
		F0AB3AA91F7DF9DE00C203D0 /* BirdEggInvVC.swift */ = {isa = PBXFileReference; fileEncoding = 4; lastKnownFileType = sourcecode.swift; path = BirdEggInvVC.swift; sourceTree = "<group>"; };
		F0AB3AAA1F7DF9DE00C203D0 /* NewBirdViewController.swift */ = {isa = PBXFileReference; fileEncoding = 4; lastKnownFileType = sourcecode.swift; path = NewBirdViewController.swift; sourceTree = "<group>"; };
		F0AB3AAB1F7DF9DE00C203D0 /* DoveEggsViewController.swift */ = {isa = PBXFileReference; fileEncoding = 4; lastKnownFileType = sourcecode.swift; path = DoveEggsViewController.swift; sourceTree = "<group>"; };
		F0AB3AAC1F7DF9DE00C203D0 /* FrontBirdEgg.swift */ = {isa = PBXFileReference; fileEncoding = 4; lastKnownFileType = sourcecode.swift; path = FrontBirdEgg.swift; sourceTree = "<group>"; };
		F0AB3AAD1F7DF9DE00C203D0 /* WeddingVenueInfoViewController.swift */ = {isa = PBXFileReference; fileEncoding = 4; lastKnownFileType = sourcecode.swift; path = WeddingVenueInfoViewController.swift; sourceTree = "<group>"; };
		F0AB3AAE1F7DF9DE00C203D0 /* SunShineTime.swift */ = {isa = PBXFileReference; fileEncoding = 4; lastKnownFileType = sourcecode.swift; path = SunShineTime.swift; sourceTree = "<group>"; };
		F0AB3AAF1F7DF9DE00C203D0 /* birdwitheggs.swift */ = {isa = PBXFileReference; fileEncoding = 4; lastKnownFileType = sourcecode.swift; path = birdwitheggs.swift; sourceTree = "<group>"; };
		F0AB3AB11F7DF9DF00C203D0 /* KIndexViewController.swift */ = {isa = PBXFileReference; fileEncoding = 4; lastKnownFileType = sourcecode.swift; path = KIndexViewController.swift; sourceTree = "<group>"; };
		F0AB3AB21F7DF9DF00C203D0 /* WeddingEditViewController.swift */ = {isa = PBXFileReference; fileEncoding = 4; lastKnownFileType = sourcecode.swift; path = WeddingEditViewController.swift; sourceTree = "<group>"; };
		F0AB3AB31F7DF9DF00C203D0 /* Titleimage.png */ = {isa = PBXFileReference; lastKnownFileType = image.png; path = Titleimage.png; sourceTree = "<group>"; };
		F0AB3AB41F7DF9DF00C203D0 /* venueMapViewController.swift */ = {isa = PBXFileReference; fileEncoding = 4; lastKnownFileType = sourcecode.swift; path = venueMapViewController.swift; sourceTree = "<group>"; };
		F0AB3AB51F7DF9DF00C203D0 /* DoveInventoryTable.swift */ = {isa = PBXFileReference; fileEncoding = 4; lastKnownFileType = sourcecode.swift; path = DoveInventoryTable.swift; sourceTree = "<group>"; };
		F0AB3AB61F7DF9DF00C203D0 /* trainschedcell.swift */ = {isa = PBXFileReference; fileEncoding = 4; lastKnownFileType = sourcecode.swift; path = trainschedcell.swift; sourceTree = "<group>"; };
		F0AB3AB71F7DF9DF00C203D0 /* DoveViewController.swift */ = {isa = PBXFileReference; fileEncoding = 4; lastKnownFileType = sourcecode.swift; path = DoveViewController.swift; sourceTree = "<group>"; };
		F0AB3AB81F7DF9DF00C203D0 /* EditEggViewController.swift */ = {isa = PBXFileReference; fileEncoding = 4; lastKnownFileType = sourcecode.swift; path = EditEggViewController.swift; sourceTree = "<group>"; };
		F0AB3AB91F7DF9DF00C203D0 /* WeddingLandViewController.swift */ = {isa = PBXFileReference; fileEncoding = 4; lastKnownFileType = sourcecode.swift; path = WeddingLandViewController.swift; sourceTree = "<group>"; };
		F0AB3ABA1F7DF9DF00C203D0 /* EditBirdViewController.swift */ = {isa = PBXFileReference; fileEncoding = 4; lastKnownFileType = sourcecode.swift; path = EditBirdViewController.swift; sourceTree = "<group>"; };
		F0AB3ABB1F7DF9E000C203D0 /* WeddingInfoViewController.swift */ = {isa = PBXFileReference; fileEncoding = 4; lastKnownFileType = sourcecode.swift; path = WeddingInfoViewController.swift; sourceTree = "<group>"; };
		F0AB3ABC1F7DF9E000C203D0 /* WUADBirdsWithEggs.swift */ = {isa = PBXFileReference; fileEncoding = 4; lastKnownFileType = sourcecode.swift; path = WUADBirdsWithEggs.swift; sourceTree = "<group>"; };
		F0AB3ABD1F7DF9E000C203D0 /* birdies.swift */ = {isa = PBXFileReference; fileEncoding = 4; lastKnownFileType = sourcecode.swift; path = birdies.swift; sourceTree = "<group>"; };
		F0AB3ABE1F7DF9E000C203D0 /* TrainReleaseSchedule.swift */ = {isa = PBXFileReference; fileEncoding = 4; lastKnownFileType = sourcecode.swift; path = TrainReleaseSchedule.swift; sourceTree = "<group>"; };
		F0AB3ABF1F7DF9E000C203D0 /* WeddingEditVenueViewController.swift */ = {isa = PBXFileReference; fileEncoding = 4; lastKnownFileType = sourcecode.swift; path = WeddingEditVenueViewController.swift; sourceTree = "<group>"; };
		F0AB3AC01F7DF9E000C203D0 /* WUADCustomCellAll.swift */ = {isa = PBXFileReference; fileEncoding = 4; lastKnownFileType = sourcecode.swift; path = WUADCustomCellAll.swift; sourceTree = "<group>"; };
		F0AB3AC11F7DF9E000C203D0 /* BirdCommentViewController.swift */ = {isa = PBXFileReference; fileEncoding = 4; lastKnownFileType = sourcecode.swift; path = BirdCommentViewController.swift; sourceTree = "<group>"; };
		F0AB3AC21F7DF9E000C203D0 /* EventLandViewController.swift */ = {isa = PBXFileReference; fileEncoding = 4; lastKnownFileType = sourcecode.swift; path = EventLandViewController.swift; sourceTree = "<group>"; };
		F0AB3AC31F7DF9E100C203D0 /* EventInfoViewController.swift */ = {isa = PBXFileReference; fileEncoding = 4; lastKnownFileType = sourcecode.swift; path = EventInfoViewController.swift; sourceTree = "<group>"; };
		F0AB3AC51F7DF9E100C203D0 /* Reachability.swift */ = {isa = PBXFileReference; fileEncoding = 4; lastKnownFileType = sourcecode.swift; path = Reachability.swift; sourceTree = "<group>"; };
		F0AB3AC61F7DF9E100C203D0 /* solar.swift */ = {isa = PBXFileReference; fileEncoding = 4; lastKnownFileType = sourcecode.swift; path = solar.swift; sourceTree = "<group>"; };
		F0AB3AC71F7DF9E100C203D0 /* TrainingReleaseVC.swift */ = {isa = PBXFileReference; fileEncoding = 4; lastKnownFileType = sourcecode.swift; path = TrainingReleaseVC.swift; sourceTree = "<group>"; };
		F0AB3AC81F7DF9E100C203D0 /* InventoryCell.swift */ = {isa = PBXFileReference; fileEncoding = 4; lastKnownFileType = sourcecode.swift; path = InventoryCell.swift; sourceTree = "<group>"; };
		F0C066B61FA152410096410D /* firstvc.swift */ = {isa = PBXFileReference; lastKnownFileType = sourcecode.swift; path = firstvc.swift; sourceTree = "<group>"; };
		F0C985081FFDC79400167171 /* Base */ = {isa = PBXFileReference; lastKnownFileType = file.storyboard; name = Base; path = DoveEventLog/Base.lproj/DatePopUpViewController.storyboard; sourceTree = "<group>"; };
		F0C9850A20054B8900167171 /* CalEventMaker.swift */ = {isa = PBXFileReference; lastKnownFileType = sourcecode.swift; path = CalEventMaker.swift; sourceTree = "<group>"; };
/* End PBXFileReference section */

/* Begin PBXFrameworksBuildPhase section */
		F0AB3A8E1F7DEC2400C203D0 /* Frameworks */ = {
			isa = PBXFrameworksBuildPhase;
			buildActionMask = 2147483647;
			files = (
			);
			runOnlyForDeploymentPostprocessing = 0;
		};
/* End PBXFrameworksBuildPhase section */

/* Begin PBXGroup section */
		F03DDF4A1FE74C3C000EF244 /* Models */ = {
			isa = PBXGroup;
			children = (
				F03DDF4B1FE74C7C000EF244 /* WUADStructs.swift */,
				F03DDF4D1FE8978E000EF244 /* DataManager.swift */,
			);
			path = Models;
			sourceTree = "<group>";
		};
		F04628531F9E608300B96A1F /* Dove Log */ = {
			isa = PBXGroup;
			children = (
				F0AB3AC11F7DF9E000C203D0 /* BirdCommentViewController.swift */,
				F0AB3AA91F7DF9DE00C203D0 /* BirdEggInvVC.swift */,
				F0AB3ABD1F7DF9E000C203D0 /* birdies.swift */,
				F0AB3AAF1F7DF9DE00C203D0 /* birdwitheggs.swift */,
				F0AB3AAB1F7DF9DE00C203D0 /* DoveEggsViewController.swift */,
				F0AB3AB51F7DF9DF00C203D0 /* DoveInventoryTable.swift */,
				F0AB3AB71F7DF9DF00C203D0 /* DoveViewController.swift */,
				F0AB3ABA1F7DF9DF00C203D0 /* EditBirdViewController.swift */,
				F0AB3AB81F7DF9DF00C203D0 /* EditEggViewController.swift */,
				F0AB3AAC1F7DF9DE00C203D0 /* FrontBirdEgg.swift */,
				F0AB3AC81F7DF9E100C203D0 /* InventoryCell.swift */,
				F0AB3AB11F7DF9DF00C203D0 /* KIndexViewController.swift */,
				F0AB3AAA1F7DF9DE00C203D0 /* NewBirdViewController.swift */,
				F0AB3AAE1F7DF9DE00C203D0 /* SunShineTime.swift */,
				F0AB3AC71F7DF9E100C203D0 /* TrainingReleaseVC.swift */,
				F0AB3ABE1F7DF9E000C203D0 /* TrainReleaseSchedule.swift */,
				F0AB3AB61F7DF9DF00C203D0 /* trainschedcell.swift */,
				F0AB3ABC1F7DF9E000C203D0 /* WUADBirdsWithEggs.swift */,
				F0AB3AC01F7DF9E000C203D0 /* WUADCustomCellAll.swift */,
			);
			path = "Dove Log";
			sourceTree = "<group>";
		};
		F083F3DB2044E24500CC2A79 /* IQKeyboardManagerSwift */ = {
			isa = PBXGroup;
			children = (
				F083F3DC2044E24500CC2A79 /* Categories */,
				F083F3E32044E24500CC2A79 /* Constants */,
				F083F3E62044E24500CC2A79 /* IQKeyboardManager.swift */,
				F083F3E72044E24500CC2A79 /* IQKeyboardManagerSwift.h */,
				F083F3E82044E24500CC2A79 /* IQKeyboardReturnKeyHandler.swift */,
				F083F3E92044E24500CC2A79 /* IQTextView */,
				F083F3EB2044E24500CC2A79 /* IQToolbar */,
				F083F3F12044E24500CC2A79 /* Resources */,
			);
			path = IQKeyboardManagerSwift;
			sourceTree = "<group>";
		};
		F083F3DC2044E24500CC2A79 /* Categories */ = {
			isa = PBXGroup;
			children = (
				F083F3DD2044E24500CC2A79 /* IQNSArray+Sort.swift */,
				F083F3DE2044E24500CC2A79 /* IQUIScrollView+Additions.swift */,
				F083F3DF2044E24500CC2A79 /* IQUITextFieldView+Additions.swift */,
				F083F3E02044E24500CC2A79 /* IQUIView+Hierarchy.swift */,
				F083F3E12044E24500CC2A79 /* IQUIViewController+Additions.swift */,
				F083F3E22044E24500CC2A79 /* IQUIWindow+Hierarchy.swift */,
			);
			path = Categories;
			sourceTree = "<group>";
		};
		F083F3E32044E24500CC2A79 /* Constants */ = {
			isa = PBXGroup;
			children = (
				F083F3E42044E24500CC2A79 /* IQKeyboardManagerConstants.swift */,
				F083F3E52044E24500CC2A79 /* IQKeyboardManagerConstantsInternal.swift */,
			);
			path = Constants;
			sourceTree = "<group>";
		};
		F083F3E92044E24500CC2A79 /* IQTextView */ = {
			isa = PBXGroup;
			children = (
				F083F3EA2044E24500CC2A79 /* IQTextView.swift */,
			);
			path = IQTextView;
			sourceTree = "<group>";
		};
		F083F3EB2044E24500CC2A79 /* IQToolbar */ = {
			isa = PBXGroup;
			children = (
				F083F3EC2044E24500CC2A79 /* IQBarButtonItem.swift */,
				F083F3ED2044E24500CC2A79 /* IQPreviousNextView.swift */,
				F083F3EE2044E24500CC2A79 /* IQTitleBarButtonItem.swift */,
				F083F3EF2044E24500CC2A79 /* IQToolbar.swift */,
				F083F3F02044E24500CC2A79 /* IQUIView+IQKeyboardToolbar.swift */,
			);
			path = IQToolbar;
			sourceTree = "<group>";
		};
		F083F3F12044E24500CC2A79 /* Resources */ = {
			isa = PBXGroup;
			children = (
				F083F3F22044E24500CC2A79 /* IQKeyboardManager.bundle */,
			);
			path = Resources;
			sourceTree = "<group>";
		};
		F083F4042044E41600CC2A79 /* DesignableX */ = {
			isa = PBXGroup;
			children = (
				F083F4052044E41600CC2A79 /* UIButtonX.swift */,
				F083F4062044E41600CC2A79 /* UIImageViewX.swift */,
				F083F4072044E41600CC2A79 /* UILabelX.swift */,
				F083F4082044E41600CC2A79 /* UISliderX.swift */,
				F083F4092044E41600CC2A79 /* UITextFieldX.swift */,
				F083F40A2044E41600CC2A79 /* UIViewAnchorPoint.swift */,
				F083F40B2044E41600CC2A79 /* UIViewControllerX.swift */,
				F083F40C2044E41600CC2A79 /* UIViewX.swift */,
				F083F40D2044E41600CC2A79 /* UIViewXRadialGradient.swift */,
				F083F40E2044E41600CC2A79 /* UIVisualEffectViewX.swift */,
				F083F43B204A08BE00CC2A79 /* NewTextFieldX.swift */,
			);
			path = DesignableX;
			sourceTree = "<group>";
		};
		F0AB3A881F7DEC2300C203D0 = {
			isa = PBXGroup;
			children = (
				F0AB3A931F7DEC2400C203D0 /* DoveEventLog */,
				F0AB3A921F7DEC2400C203D0 /* Products */,
			);
			sourceTree = "<group>";
			usesTabs = 0;
		};
		F0AB3A921F7DEC2400C203D0 /* Products */ = {
			isa = PBXGroup;
			children = (
				F0AB3A911F7DEC2400C203D0 /* DoveEventLog.app */,
			);
			name = Products;
			sourceTree = "<group>";
		};
		F0AB3A931F7DEC2400C203D0 /* DoveEventLog */ = {
			isa = PBXGroup;
			children = (
				F083F4042044E41600CC2A79 /* DesignableX */,
				F083F3DB2044E24500CC2A79 /* IQKeyboardManagerSwift */,
				F03DDF4A1FE74C3C000EF244 /* Models */,
				F08B5BE11F81EEF7005A8563 /* AppDelegate.swift */,
				F04628531F9E608300B96A1F /* Dove Log */,
				F0E6369C1F91315200B12410 /* Events */,
				F0C066B61FA152410096410D /* firstvc.swift */,
				F0E6369D1F91316F00B12410 /* Funerals */,
				F04628541F9E65CF00B96A1F /* HomeViewController.swift */,
				F0AB3AA61F7DF70300C203D0 /* Images.xcassets */,
				F0AB3AA01F7DEC2400C203D0 /* Info.plist */,
				F0AB3A9D1F7DEC2400C203D0 /* LaunchScreen.storyboard */,
				F0AB3A981F7DEC2400C203D0 /* Main.storyboard */,
				F0AB3AC51F7DF9E100C203D0 /* Reachability.swift */,
				F0AB3AC61F7DF9E100C203D0 /* solar.swift */,
				F0AB3AB31F7DF9DF00C203D0 /* Titleimage.png */,
				F0E6369E1F9131AD00B12410 /* Weddings */,
				F077F4F11FD5A6C100D5A980 /* DatePopupViewController.swift */,
				F0C985071FFDC79400167171 /* DatePopUpViewController.storyboard */,
				F0C9850A20054B8900167171 /* CalEventMaker.swift */,
			);
			path = DoveEventLog;
			sourceTree = "<group>";
		};
		F0E6369C1F91315200B12410 /* Events */ = {
			isa = PBXGroup;
			children = (
				F0AB3AA81F7DF9DE00C203D0 /* EventInfoEditViewController.swift */,
				F0AB3AC31F7DF9E100C203D0 /* EventInfoViewController.swift */,
				F0AB3AC21F7DF9E000C203D0 /* EventLandViewController.swift */,
			);
			path = Events;
			sourceTree = "<group>";
		};
		F0E6369D1F91316F00B12410 /* Funerals */ = {
			isa = PBXGroup;
			children = (
				F098568D1F7EF1550083AB38 /* FuneralEditViewController.swift */,
				F098568B1F7EF1550083AB38 /* FuneralInfoViewController.swift */,
				F098568C1F7EF1550083AB38 /* FuneralLandViewController.swift */,
			);
			path = Funerals;
			sourceTree = "<group>";
		};
		F0E6369E1F9131AD00B12410 /* Weddings */ = {
			isa = PBXGroup;
			children = (
				F0AB3AB41F7DF9DF00C203D0 /* venueMapViewController.swift */,
				F0AB3ABF1F7DF9E000C203D0 /* WeddingEditVenueViewController.swift */,
				F0AB3AB21F7DF9DF00C203D0 /* WeddingEditViewController.swift */,
				F0AB3ABB1F7DF9E000C203D0 /* WeddingInfoViewController.swift */,
				F0AB3AB91F7DF9DF00C203D0 /* WeddingLandViewController.swift */,
				F0AB3AAD1F7DF9DE00C203D0 /* WeddingVenueInfoViewController.swift */,
			);
			path = Weddings;
			sourceTree = "<group>";
		};
/* End PBXGroup section */

/* Begin PBXNativeTarget section */
		F0AB3A901F7DEC2400C203D0 /* DoveEventLog */ = {
			isa = PBXNativeTarget;
			buildConfigurationList = F0AB3AA31F7DEC2400C203D0 /* Build configuration list for PBXNativeTarget "DoveEventLog" */;
			buildPhases = (
				F0AB3A8D1F7DEC2400C203D0 /* Sources */,
				F0AB3A8E1F7DEC2400C203D0 /* Frameworks */,
				F0AB3A8F1F7DEC2400C203D0 /* Resources */,
			);
			buildRules = (
			);
			dependencies = (
			);
			name = DoveEventLog;
			productName = DoveEventLog;
			productReference = F0AB3A911F7DEC2400C203D0 /* DoveEventLog.app */;
			productType = "com.apple.product-type.application";
		};
/* End PBXNativeTarget section */

/* Begin PBXProject section */
		F0AB3A891F7DEC2300C203D0 /* Project object */ = {
			isa = PBXProject;
			attributes = {
				LastSwiftUpdateCheck = 0900;
				LastUpgradeCheck = 0910;
				ORGANIZATIONNAME = "Dave Stucky";
				TargetAttributes = {
					F0AB3A901F7DEC2400C203D0 = {
						CreatedOnToolsVersion = 9.0;
						ProvisioningStyle = Automatic;
					};
				};
			};
			buildConfigurationList = F0AB3A8C1F7DEC2300C203D0 /* Build configuration list for PBXProject "DoveEventLog" */;
			compatibilityVersion = "Xcode 8.0";
			developmentRegion = en;
			hasScannedForEncodings = 0;
			knownRegions = (
				en,
				Base,
			);
			mainGroup = F0AB3A881F7DEC2300C203D0;
			productRefGroup = F0AB3A921F7DEC2400C203D0 /* Products */;
			projectDirPath = "";
			projectRoot = "";
			targets = (
				F0AB3A901F7DEC2400C203D0 /* DoveEventLog */,
			);
		};
/* End PBXProject section */

/* Begin PBXResourcesBuildPhase section */
		F0AB3A8F1F7DEC2400C203D0 /* Resources */ = {
			isa = PBXResourcesBuildPhase;
			buildActionMask = 2147483647;
			files = (
				F0AB3AA71F7DF73D00C203D0 /* Images.xcassets in Resources */,
				F0AB3A9F1F7DEC2400C203D0 /* LaunchScreen.storyboard in Resources */,
				F083F4032044E24500CC2A79 /* IQKeyboardManager.bundle in Resources */,
				F0AB3A9A1F7DEC2400C203D0 /* Main.storyboard in Resources */,
				F0AB3AD41F7DF9E100C203D0 /* Titleimage.png in Resources */,
				F0C985091FFDC79400167171 /* DatePopUpViewController.storyboard in Resources */,
			);
			runOnlyForDeploymentPostprocessing = 0;
		};
/* End PBXResourcesBuildPhase section */

/* Begin PBXSourcesBuildPhase section */
		F0AB3A8D1F7DEC2400C203D0 /* Sources */ = {
			isa = PBXSourcesBuildPhase;
			buildActionMask = 2147483647;
			files = (
				F083F3F62044E24500CC2A79 /* IQUIView+Hierarchy.swift in Sources */,
				F0AB3ADA1F7DF9E100C203D0 /* WeddingLandViewController.swift in Sources */,
				F083F3FD2044E24500CC2A79 /* IQTextView.swift in Sources */,
				F0AB3ADB1F7DF9E100C203D0 /* EditBirdViewController.swift in Sources */,
				F09856901F7EF1560083AB38 /* FuneralEditViewController.swift in Sources */,
				F0AB3AD81F7DF9E100C203D0 /* DoveViewController.swift in Sources */,
				F03DDF4E1FE8978E000EF244 /* DataManager.swift in Sources */,
				F083F3FC2044E24500CC2A79 /* IQKeyboardReturnKeyHandler.swift in Sources */,
				F083F4112044E41600CC2A79 /* UILabelX.swift in Sources */,
				F083F4152044E41600CC2A79 /* UIViewControllerX.swift in Sources */,
				F083F40F2044E41600CC2A79 /* UIButtonX.swift in Sources */,
				F083F3F42044E24500CC2A79 /* IQUIScrollView+Additions.swift in Sources */,
				F083F4002044E24500CC2A79 /* IQTitleBarButtonItem.swift in Sources */,
				F0AB3ACD1F7DF9E100C203D0 /* FrontBirdEgg.swift in Sources */,
				F0AB3ACF1F7DF9E100C203D0 /* SunShineTime.swift in Sources */,
				F083F3F82044E24500CC2A79 /* IQUIWindow+Hierarchy.swift in Sources */,
				F0AB3ACB1F7DF9E100C203D0 /* NewBirdViewController.swift in Sources */,
				F083F4022044E24500CC2A79 /* IQUIView+IQKeyboardToolbar.swift in Sources */,
				F0AB3AE61F7DF9E100C203D0 /* Reachability.swift in Sources */,
				F0AB3ADC1F7DF9E100C203D0 /* WeddingInfoViewController.swift in Sources */,
				F083F3F92044E24500CC2A79 /* IQKeyboardManagerConstants.swift in Sources */,
				F083F3F72044E24500CC2A79 /* IQUIViewController+Additions.swift in Sources */,
				F0AB3AE71F7DF9E100C203D0 /* solar.swift in Sources */,
				F0AB3AE11F7DF9E100C203D0 /* WUADCustomCellAll.swift in Sources */,
				F03DDF4C1FE74C7C000EF244 /* WUADStructs.swift in Sources */,
				F083F3F32044E24500CC2A79 /* IQNSArray+Sort.swift in Sources */,
				F0AB3AD51F7DF9E100C203D0 /* venueMapViewController.swift in Sources */,
				F083F3FE2044E24500CC2A79 /* IQBarButtonItem.swift in Sources */,
				F083F3FB2044E24500CC2A79 /* IQKeyboardManager.swift in Sources */,
				F077F4F21FD5A6C100D5A980 /* DatePopupViewController.swift in Sources */,
				F0AB3AE81F7DF9E100C203D0 /* TrainingReleaseVC.swift in Sources */,
				F0AB3AE41F7DF9E100C203D0 /* EventInfoViewController.swift in Sources */,
				F083F4012044E24500CC2A79 /* IQToolbar.swift in Sources */,
				F0AB3ACA1F7DF9E100C203D0 /* BirdEggInvVC.swift in Sources */,
				F083F3FF2044E24500CC2A79 /* IQPreviousNextView.swift in Sources */,
				F0AB3ADE1F7DF9E100C203D0 /* birdies.swift in Sources */,
				F083F4132044E41600CC2A79 /* UITextFieldX.swift in Sources */,
				F0AB3AD71F7DF9E100C203D0 /* trainschedcell.swift in Sources */,
				F0AB3ACE1F7DF9E100C203D0 /* WeddingVenueInfoViewController.swift in Sources */,
				F04628551F9E65CF00B96A1F /* HomeViewController.swift in Sources */,
				F098568F1F7EF1560083AB38 /* FuneralLandViewController.swift in Sources */,
				F0C9850B20054B8900167171 /* CalEventMaker.swift in Sources */,
				F08B5BE21F81EEF7005A8563 /* AppDelegate.swift in Sources */,
				F0AB3AD31F7DF9E100C203D0 /* WeddingEditViewController.swift in Sources */,
				F098568E1F7EF1560083AB38 /* FuneralInfoViewController.swift in Sources */,
				F0AB3AC91F7DF9E100C203D0 /* EventInfoEditViewController.swift in Sources */,
				F0AB3ADF1F7DF9E100C203D0 /* TrainReleaseSchedule.swift in Sources */,
				F083F3FA2044E24500CC2A79 /* IQKeyboardManagerConstantsInternal.swift in Sources */,
				F083F4172044E41600CC2A79 /* UIViewXRadialGradient.swift in Sources */,
				F0AB3AD61F7DF9E100C203D0 /* DoveInventoryTable.swift in Sources */,
				F0AB3AD21F7DF9E100C203D0 /* KIndexViewController.swift in Sources */,
				F0AB3AE01F7DF9E100C203D0 /* WeddingEditVenueViewController.swift in Sources */,
				F083F4142044E41600CC2A79 /* UIViewAnchorPoint.swift in Sources */,
				F083F43C204A08BE00CC2A79 /* NewTextFieldX.swift in Sources */,
				F0AB3AD01F7DF9E100C203D0 /* birdwitheggs.swift in Sources */,
				F083F3F52044E24500CC2A79 /* IQUITextFieldView+Additions.swift in Sources */,
				F083F4122044E41600CC2A79 /* UISliderX.swift in Sources */,
				F0AB3ADD1F7DF9E100C203D0 /* WUADBirdsWithEggs.swift in Sources */,
				F0C066B71FA152420096410D /* firstvc.swift in Sources */,
				F083F4162044E41600CC2A79 /* UIViewX.swift in Sources */,
				F0AB3AD91F7DF9E100C203D0 /* EditEggViewController.swift in Sources */,
				F0AB3AE91F7DF9E100C203D0 /* InventoryCell.swift in Sources */,
				F0AB3ACC1F7DF9E100C203D0 /* DoveEggsViewController.swift in Sources */,
				F083F4182044E41600CC2A79 /* UIVisualEffectViewX.swift in Sources */,
				F083F4102044E41600CC2A79 /* UIImageViewX.swift in Sources */,
				F0AB3AE31F7DF9E100C203D0 /* EventLandViewController.swift in Sources */,
				F0AB3AE21F7DF9E100C203D0 /* BirdCommentViewController.swift in Sources */,
			);
			runOnlyForDeploymentPostprocessing = 0;
		};
/* End PBXSourcesBuildPhase section */

/* Begin PBXVariantGroup section */
		F0AB3A981F7DEC2400C203D0 /* Main.storyboard */ = {
			isa = PBXVariantGroup;
			children = (
				F0AB3A991F7DEC2400C203D0 /* Base */,
			);
			name = Main.storyboard;
			sourceTree = "<group>";
		};
		F0AB3A9D1F7DEC2400C203D0 /* LaunchScreen.storyboard */ = {
			isa = PBXVariantGroup;
			children = (
				F0AB3A9E1F7DEC2400C203D0 /* Base */,
			);
			name = LaunchScreen.storyboard;
			sourceTree = "<group>";
		};
		F0C985071FFDC79400167171 /* DatePopUpViewController.storyboard */ = {
			isa = PBXVariantGroup;
			children = (
				F0C985081FFDC79400167171 /* Base */,
			);
			name = DatePopUpViewController.storyboard;
			sourceTree = "<group>";
		};
/* End PBXVariantGroup section */

/* Begin XCBuildConfiguration section */
		F0AB3AA11F7DEC2400C203D0 /* Debug */ = {
			isa = XCBuildConfiguration;
			buildSettings = {
				ALWAYS_SEARCH_USER_PATHS = NO;
				CLANG_ANALYZER_NONNULL = YES;
				CLANG_ANALYZER_NUMBER_OBJECT_CONVERSION = YES_AGGRESSIVE;
				CLANG_CXX_LANGUAGE_STANDARD = "gnu++14";
				CLANG_CXX_LIBRARY = "libc++";
				CLANG_ENABLE_MODULES = YES;
				CLANG_ENABLE_OBJC_ARC = YES;
				CLANG_WARN_BLOCK_CAPTURE_AUTORELEASING = YES;
				CLANG_WARN_BOOL_CONVERSION = YES;
				CLANG_WARN_COMMA = YES;
				CLANG_WARN_CONSTANT_CONVERSION = YES;
				CLANG_WARN_DIRECT_OBJC_ISA_USAGE = YES_ERROR;
				CLANG_WARN_DOCUMENTATION_COMMENTS = YES;
				CLANG_WARN_EMPTY_BODY = YES;
				CLANG_WARN_ENUM_CONVERSION = YES;
				CLANG_WARN_INFINITE_RECURSION = YES;
				CLANG_WARN_INT_CONVERSION = YES;
				CLANG_WARN_NON_LITERAL_NULL_CONVERSION = YES;
				CLANG_WARN_OBJC_LITERAL_CONVERSION = YES;
				CLANG_WARN_OBJC_ROOT_CLASS = YES_ERROR;
				CLANG_WARN_RANGE_LOOP_ANALYSIS = YES;
				CLANG_WARN_STRICT_PROTOTYPES = YES;
				CLANG_WARN_SUSPICIOUS_MOVE = YES;
				CLANG_WARN_UNGUARDED_AVAILABILITY = YES_AGGRESSIVE;
				CLANG_WARN_UNREACHABLE_CODE = YES;
				CLANG_WARN__DUPLICATE_METHOD_MATCH = YES;
				CODE_SIGN_IDENTITY = "iPhone Developer";
				COPY_PHASE_STRIP = NO;
				DEBUG_INFORMATION_FORMAT = dwarf;
				ENABLE_STRICT_OBJC_MSGSEND = YES;
				ENABLE_TESTABILITY = YES;
				GCC_C_LANGUAGE_STANDARD = gnu11;
				GCC_DYNAMIC_NO_PIC = NO;
				GCC_NO_COMMON_BLOCKS = YES;
				GCC_OPTIMIZATION_LEVEL = 0;
				GCC_PREPROCESSOR_DEFINITIONS = (
					"DEBUG=1",
					"$(inherited)",
				);
				GCC_WARN_64_TO_32_BIT_CONVERSION = YES;
				GCC_WARN_ABOUT_RETURN_TYPE = YES_ERROR;
				GCC_WARN_UNDECLARED_SELECTOR = YES;
				GCC_WARN_UNINITIALIZED_AUTOS = YES_AGGRESSIVE;
				GCC_WARN_UNUSED_FUNCTION = YES;
				GCC_WARN_UNUSED_VARIABLE = YES;
				IPHONEOS_DEPLOYMENT_TARGET = 11.0;
				MTL_ENABLE_DEBUG_INFO = YES;
				ONLY_ACTIVE_ARCH = YES;
				SDKROOT = iphoneos;
				SWIFT_ACTIVE_COMPILATION_CONDITIONS = DEBUG;
				SWIFT_OPTIMIZATION_LEVEL = "-Onone";
			};
			name = Debug;
		};
		F0AB3AA21F7DEC2400C203D0 /* Release */ = {
			isa = XCBuildConfiguration;
			buildSettings = {
				ALWAYS_SEARCH_USER_PATHS = NO;
				CLANG_ANALYZER_NONNULL = YES;
				CLANG_ANALYZER_NUMBER_OBJECT_CONVERSION = YES_AGGRESSIVE;
				CLANG_CXX_LANGUAGE_STANDARD = "gnu++14";
				CLANG_CXX_LIBRARY = "libc++";
				CLANG_ENABLE_MODULES = YES;
				CLANG_ENABLE_OBJC_ARC = YES;
				CLANG_WARN_BLOCK_CAPTURE_AUTORELEASING = YES;
				CLANG_WARN_BOOL_CONVERSION = YES;
				CLANG_WARN_COMMA = YES;
				CLANG_WARN_CONSTANT_CONVERSION = YES;
				CLANG_WARN_DIRECT_OBJC_ISA_USAGE = YES_ERROR;
				CLANG_WARN_DOCUMENTATION_COMMENTS = YES;
				CLANG_WARN_EMPTY_BODY = YES;
				CLANG_WARN_ENUM_CONVERSION = YES;
				CLANG_WARN_INFINITE_RECURSION = YES;
				CLANG_WARN_INT_CONVERSION = YES;
				CLANG_WARN_NON_LITERAL_NULL_CONVERSION = YES;
				CLANG_WARN_OBJC_LITERAL_CONVERSION = YES;
				CLANG_WARN_OBJC_ROOT_CLASS = YES_ERROR;
				CLANG_WARN_RANGE_LOOP_ANALYSIS = YES;
				CLANG_WARN_STRICT_PROTOTYPES = YES;
				CLANG_WARN_SUSPICIOUS_MOVE = YES;
				CLANG_WARN_UNGUARDED_AVAILABILITY = YES_AGGRESSIVE;
				CLANG_WARN_UNREACHABLE_CODE = YES;
				CLANG_WARN__DUPLICATE_METHOD_MATCH = YES;
				CODE_SIGN_IDENTITY = "iPhone Developer";
				COPY_PHASE_STRIP = NO;
				DEBUG_INFORMATION_FORMAT = "dwarf-with-dsym";
				ENABLE_NS_ASSERTIONS = NO;
				ENABLE_STRICT_OBJC_MSGSEND = YES;
				GCC_C_LANGUAGE_STANDARD = gnu11;
				GCC_NO_COMMON_BLOCKS = YES;
				GCC_WARN_64_TO_32_BIT_CONVERSION = YES;
				GCC_WARN_ABOUT_RETURN_TYPE = YES_ERROR;
				GCC_WARN_UNDECLARED_SELECTOR = YES;
				GCC_WARN_UNINITIALIZED_AUTOS = YES_AGGRESSIVE;
				GCC_WARN_UNUSED_FUNCTION = YES;
				GCC_WARN_UNUSED_VARIABLE = YES;
				IPHONEOS_DEPLOYMENT_TARGET = 11.0;
				MTL_ENABLE_DEBUG_INFO = NO;
				SDKROOT = iphoneos;
				SWIFT_OPTIMIZATION_LEVEL = "-Owholemodule";
				VALIDATE_PRODUCT = YES;
			};
			name = Release;
		};
		F0AB3AA41F7DEC2400C203D0 /* Debug */ = {
			isa = XCBuildConfiguration;
			buildSettings = {
				ASSETCATALOG_COMPILER_APPICON_NAME = AppIcon;
				CODE_SIGN_STYLE = Automatic;
				DEVELOPMENT_TEAM = SASD994THB;
				INFOPLIST_FILE = DoveEventLog/Info.plist;
				LD_RUNPATH_SEARCH_PATHS = "$(inherited) @executable_path/Frameworks";
				PRODUCT_BUNDLE_IDENTIFIER = Compusult.DoveEventLog;
				PRODUCT_NAME = "$(TARGET_NAME)";
				SWIFT_VERSION = 4.0;
				TARGETED_DEVICE_FAMILY = "1,2";
			};
			name = Debug;
		};
		F0AB3AA51F7DEC2400C203D0 /* Release */ = {
			isa = XCBuildConfiguration;
			buildSettings = {
				ASSETCATALOG_COMPILER_APPICON_NAME = AppIcon;
				CODE_SIGN_STYLE = Automatic;
				DEVELOPMENT_TEAM = SASD994THB;
				INFOPLIST_FILE = DoveEventLog/Info.plist;
				LD_RUNPATH_SEARCH_PATHS = "$(inherited) @executable_path/Frameworks";
				PRODUCT_BUNDLE_IDENTIFIER = Compusult.DoveEventLog;
				PRODUCT_NAME = "$(TARGET_NAME)";
				SWIFT_OPTIMIZATION_LEVEL = "-Owholemodule";
				SWIFT_VERSION = 4.0;
				TARGETED_DEVICE_FAMILY = "1,2";
			};
			name = Release;
		};
/* End XCBuildConfiguration section */

/* Begin XCConfigurationList section */
		F0AB3A8C1F7DEC2300C203D0 /* Build configuration list for PBXProject "DoveEventLog" */ = {
			isa = XCConfigurationList;
			buildConfigurations = (
				F0AB3AA11F7DEC2400C203D0 /* Debug */,
				F0AB3AA21F7DEC2400C203D0 /* Release */,
			);
			defaultConfigurationIsVisible = 0;
			defaultConfigurationName = Release;
		};
		F0AB3AA31F7DEC2400C203D0 /* Build configuration list for PBXNativeTarget "DoveEventLog" */ = {
			isa = XCConfigurationList;
			buildConfigurations = (
				F0AB3AA41F7DEC2400C203D0 /* Debug */,
				F0AB3AA51F7DEC2400C203D0 /* Release */,
			);
			defaultConfigurationIsVisible = 0;
			defaultConfigurationName = Release;
		};
/* End XCConfigurationList section */
	};
	rootObject = F0AB3A891F7DEC2300C203D0 /* Project object */;
}
